{
  "originHash" : "00ed271770f531ffa5a3de93dc29d41dbed33e832e24a7aed9c6516324b1e581",
  "pins" : [
    {
      "identity" : "kingfisher",
      "kind" : "remoteSourceControl",
      "location" : "https://github.com/onevcat/Kingfisher.git",
      "state" : {
        "revision" : "2015fda791daa72c8058619545a593bf8c1dd59f",
        "version" : "8.5.0"
      }
    },
    {
      "identity" : "musadorakit",
      "kind" : "remoteSourceControl",
      "location" : "https://github.com/rryam/MusadoraKit.git",
      "state" : {
        "revision" : "bc0ba820304a41fd844d37b80bf180cf2bfed7e4",
        "version" : "8.2.1"
      }
    },
    {
      "identity" : "sentry-cocoa",
      "kind" : "remoteSourceControl",
      "location" : "https://github.com/getsentry/sentry-cocoa.git",
      "state" : {
        "revision" : "3365d74b0ac74a10c87f41a1229526b3ba97a460",
        "version" : "8.56.0"
      }
    },
    {
      "identity" : "swiftdata-sectionedquery",
      "kind" : "remoteSourceControl",
      "location" : "https://github.com/beechtom/swiftdata-sectionedquery",
      "state" : {
        "revision" : "af2451407fe4f3cf06ff52318cd81a1d26df52bd",
        "version" : "1.2.0"
      }
    },
    {
      "identity" : "swiftui-introspect",
      "kind" : "remoteSourceControl",
      "location" : "https://github.com/siteline/SwiftUI-Introspect",
      "state" : {
        "revision" : "a08b87f96b41055577721a6e397562b21ad52454",
        "version" : "26.0.0"
      }
    }
  ],
  "version" : 3
}
