{
  "originHash" : "c1c8f8673fa62a879812b1067e58753a69ff9780e6db82a3f2296cf08b589edc",
  "pins" : [
    {
      "identity" : "clustermap",
      "kind" : "remoteSourceControl",
      "location" : "https://github.com/vospennikov/ClusterMap.git",
      "state" : {
        "revision" : "f3e60a742e6d3c149ce5d0c7424f373ef1b38140",
        "version" : "2.1.1"
      }
    },
    {
      "identity" : "kingfisher",
      "kind" : "remoteSourceControl",
      "location" : "https://github.com/onevcat/Kingfisher.git",
      "state" : {
        "revision" : "4c6b067f96953ee19526e49e4189403a2be21fb3",
        "version" : "8.3.1"
      }
    },
    {
      "identity" : "swiftdata-sectionedquery",
      "kind" : "remoteSourceControl",
      "location" : "https://github.com/beechtom/swiftdata-sectionedquery",
      "state" : {
        "revision" : "af2451407fe4f3cf06ff52318cd81a1d26df52bd",
        "version" : "1.2.0"
      }
    },
    {
      "identity" : "swiftui-introspect",
      "kind" : "remoteSourceControl",
      "location" : "https://github.com/siteline/SwiftUI-Introspect",
      "state" : {
        "revision" : "807f73ce09a9b9723f12385e592b4e0aaebd3336",
        "version" : "1.3.0"
      }
    }
  ],
  "version" : 3
}
