// !$*UTF8*$!
{
	archiveVersion = 1;
	classes = {
	};
	objectVersion = 56;
	objects = {

/* Begin PBXBuildFile section */
		2F0547392A5217B0002177D4 /* NewPlace.swift in Sources */ = {isa = PBXBuildFile; fileRef = 2F0547382A5217B0002177D4 /* NewPlace.swift */; };
		2F1727442C719B2700EEA500 /* Place.swift in Sources */ = {isa = PBXBuildFile; fileRef = 2F1727432C719B2700EEA500 /* Place.swift */; };
		2F6093702A2EDFB30092A6DD /* abraApp.swift in Sources */ = {isa = PBXBuildFile; fileRef = 2F60936F2A2EDFB30092A6DD /* abraApp.swift */; };
		2F6093742A2EDFB50092A6DD /* Assets.xcassets in Resources */ = {isa = PBXBuildFile; fileRef = 2F6093732A2EDFB50092A6DD /* Assets.xcassets */; };
		2F6093772A2EDFB50092A6DD /* Preview Assets.xcassets in Resources */ = {isa = PBXBuildFile; fileRef = 2F6093762A2EDFB50092A6DD /* Preview Assets.xcassets */; };
		2F6093872A2EDFB60092A6DD /* abraTests.swift in Sources */ = {isa = PBXBuildFile; fileRef = 2F6093862A2EDFB60092A6DD /* abraTests.swift */; };
		2F6093912A2EDFB60092A6DD /* abraUITests.swift in Sources */ = {isa = PBXBuildFile; fileRef = 2F6093902A2EDFB60092A6DD /* abraUITests.swift */; };
		2F6093932A2EDFB60092A6DD /* abraUITestsLaunchTests.swift in Sources */ = {isa = PBXBuildFile; fileRef = 2F6093922A2EDFB60092A6DD /* abraUITestsLaunchTests.swift */; };
		2F6093A22A2EEC960092A6DD /* ContentView.swift in Sources */ = {isa = PBXBuildFile; fileRef = 2F6093A12A2EEC960092A6DD /* ContentView.swift */; };
		2F6093A42A2EEDFE0092A6DD /* MapView.swift in Sources */ = {isa = PBXBuildFile; fileRef = 2F6093A32A2EEDFE0092A6DD /* MapView.swift */; };
		2F6093A62A2EF1F70092A6DD /* Location.swift in Sources */ = {isa = PBXBuildFile; fileRef = 2F6093A52A2EF1F70092A6DD /* Location.swift */; };
		2F659BC22A403A0000EA43F9 /* SongView.swift in Sources */ = {isa = PBXBuildFile; fileRef = 2F659BC12A403A0000EA43F9 /* SongView.swift */; };
		2F659BC42A40426300EA43F9 /* PlayButton.swift in Sources */ = {isa = PBXBuildFile; fileRef = 2F659BC32A40426300EA43F9 /* PlayButton.swift */; };
		2F8919F02A4442BA0012DFF6 /* PlacesList.swift in Sources */ = {isa = PBXBuildFile; fileRef = 2F8919EF2A4442BA0012DFF6 /* PlacesList.swift */; };
		2F9D49532A79CECE002CB9E5 /* PlaceView.swift in Sources */ = {isa = PBXBuildFile; fileRef = 2F9D49522A79CECE002CB9E5 /* PlaceView.swift */; };
		2F9F32C72A569F8000F44203 /* ViewModel.swift in Sources */ = {isa = PBXBuildFile; fileRef = 2F9F32C62A569F8000F44203 /* ViewModel.swift */; };
		2FA7D81A2AC0E60F0039AD5C /* ShazamStream.swift in Sources */ = {isa = PBXBuildFile; fileRef = 2FA7D8192AC0E60F0039AD5C /* ShazamStream.swift */; };
		2FA7D81C2AC0E9780039AD5C /* ModelContainerPreview.swift in Sources */ = {isa = PBXBuildFile; fileRef = 2FA7D81B2AC0E9780039AD5C /* ModelContainerPreview.swift */; };
		2FA7D81E2AC0EA240039AD5C /* PreviewSampleData.swift in Sources */ = {isa = PBXBuildFile; fileRef = 2FA7D81D2AC0EA240039AD5C /* PreviewSampleData.swift */; };
		2FB9AEFF2A30A383003C7A21 /* Music.swift in Sources */ = {isa = PBXBuildFile; fileRef = 2FB9AEFE2A30A383003C7A21 /* Music.swift */; };
		2FB9AF012A3193F5003C7A21 /* SongSheet.swift in Sources */ = {isa = PBXBuildFile; fileRef = 2FB9AF002A3193F5003C7A21 /* SongSheet.swift */; };
		2FBD40702A3ED4E10083C4B6 /* SheetView.swift in Sources */ = {isa = PBXBuildFile; fileRef = 2FBD406F2A3ED4E10083C4B6 /* SheetView.swift */; };
		2FC1E0952A622A7B00EF92D4 /* IconPicker.swift in Sources */ = {isa = PBXBuildFile; fileRef = 2FC1E0942A622A7B00EF92D4 /* IconPicker.swift */; };
		2FC1E0982A622BA800EF92D4 /* sfsymbols.txt in Resources */ = {isa = PBXBuildFile; fileRef = 2FC1E0972A622BA800EF92D4 /* sfsymbols.txt */; };
		2FC675632A3FACD200FD7638 /* SearchBar.swift in Sources */ = {isa = PBXBuildFile; fileRef = 2FC675622A3FACD200FD7638 /* SearchBar.swift */; };
		2FC8CCEF2AC399B600523478 /* SectionedQuery in Frameworks */ = {isa = PBXBuildFile; productRef = 2FC8CCEE2AC399B600523478 /* SectionedQuery */; };
		2FE766D22A30515E00952513 /* SongRow.swift in Sources */ = {isa = PBXBuildFile; fileRef = 2FE766D12A30515E00952513 /* SongRow.swift */; };
		2FED7C172A4402AD00FF3943 /* SDWebImageSwiftUI in Frameworks */ = {isa = PBXBuildFile; productRef = 2FED7C162A4402AD00FF3943 /* SDWebImageSwiftUI */; };
		2FED7C192A4440C800FF3943 /* NoResults.swift in Sources */ = {isa = PBXBuildFile; fileRef = 2FED7C182A4440C800FF3943 /* NoResults.swift */; };
		2FF310CA2A4A6DE900DA2A80 /* Searching.swift in Sources */ = {isa = PBXBuildFile; fileRef = 2FF310C92A4A6DE900DA2A80 /* Searching.swift */; };
/* End PBXBuildFile section */

/* Begin PBXContainerItemProxy section */
		2F6093832A2EDFB60092A6DD /* PBXContainerItemProxy */ = {
			isa = PBXContainerItemProxy;
			containerPortal = 2F6093642A2EDFB30092A6DD /* Project object */;
			proxyType = 1;
			remoteGlobalIDString = 2F60936B2A2EDFB30092A6DD;
			remoteInfo = abra;
		};
		2F60938D2A2EDFB60092A6DD /* PBXContainerItemProxy */ = {
			isa = PBXContainerItemProxy;
			containerPortal = 2F6093642A2EDFB30092A6DD /* Project object */;
			proxyType = 1;
			remoteGlobalIDString = 2F60936B2A2EDFB30092A6DD;
			remoteInfo = abra;
		};
/* End PBXContainerItemProxy section */

/* Begin PBXFileReference section */
		2F0547382A5217B0002177D4 /* NewPlace.swift */ = {isa = PBXFileReference; lastKnownFileType = sourcecode.swift; path = NewPlace.swift; sourceTree = "<group>"; };
		2F1727432C719B2700EEA500 /* Place.swift */ = {isa = PBXFileReference; lastKnownFileType = sourcecode.swift; path = Place.swift; sourceTree = "<group>"; };
		2F60936C2A2EDFB30092A6DD /* abra.app */ = {isa = PBXFileReference; explicitFileType = wrapper.application; includeInIndex = 0; path = abra.app; sourceTree = BUILT_PRODUCTS_DIR; };
		2F60936F2A2EDFB30092A6DD /* abraApp.swift */ = {isa = PBXFileReference; lastKnownFileType = sourcecode.swift; path = abraApp.swift; sourceTree = "<group>"; };
		2F6093732A2EDFB50092A6DD /* Assets.xcassets */ = {isa = PBXFileReference; lastKnownFileType = folder.assetcatalog; path = Assets.xcassets; sourceTree = "<group>"; };
		2F6093762A2EDFB50092A6DD /* Preview Assets.xcassets */ = {isa = PBXFileReference; lastKnownFileType = folder.assetcatalog; path = "Preview Assets.xcassets"; sourceTree = "<group>"; };
		2F60937D2A2EDFB50092A6DD /* Info.plist */ = {isa = PBXFileReference; lastKnownFileType = text.plist.xml; path = Info.plist; sourceTree = "<group>"; };
		2F6093822A2EDFB60092A6DD /* abraTests.xctest */ = {isa = PBXFileReference; explicitFileType = wrapper.cfbundle; includeInIndex = 0; path = abraTests.xctest; sourceTree = BUILT_PRODUCTS_DIR; };
		2F6093862A2EDFB60092A6DD /* abraTests.swift */ = {isa = PBXFileReference; lastKnownFileType = sourcecode.swift; path = abraTests.swift; sourceTree = "<group>"; };
		2F60938C2A2EDFB60092A6DD /* abraUITests.xctest */ = {isa = PBXFileReference; explicitFileType = wrapper.cfbundle; includeInIndex = 0; path = abraUITests.xctest; sourceTree = BUILT_PRODUCTS_DIR; };
		2F6093902A2EDFB60092A6DD /* abraUITests.swift */ = {isa = PBXFileReference; lastKnownFileType = sourcecode.swift; path = abraUITests.swift; sourceTree = "<group>"; };
		2F6093922A2EDFB60092A6DD /* abraUITestsLaunchTests.swift */ = {isa = PBXFileReference; lastKnownFileType = sourcecode.swift; path = abraUITestsLaunchTests.swift; sourceTree = "<group>"; };
		2F6093A12A2EEC960092A6DD /* ContentView.swift */ = {isa = PBXFileReference; lastKnownFileType = sourcecode.swift; path = ContentView.swift; sourceTree = "<group>"; };
		2F6093A32A2EEDFE0092A6DD /* MapView.swift */ = {isa = PBXFileReference; lastKnownFileType = sourcecode.swift; path = MapView.swift; sourceTree = "<group>"; };
		2F6093A52A2EF1F70092A6DD /* Location.swift */ = {isa = PBXFileReference; lastKnownFileType = sourcecode.swift; path = Location.swift; sourceTree = "<group>"; };
		2F659BC12A403A0000EA43F9 /* SongView.swift */ = {isa = PBXFileReference; lastKnownFileType = sourcecode.swift; path = SongView.swift; sourceTree = "<group>"; };
		2F659BC32A40426300EA43F9 /* PlayButton.swift */ = {isa = PBXFileReference; lastKnownFileType = sourcecode.swift; path = PlayButton.swift; sourceTree = "<group>"; };
		2F8919EF2A4442BA0012DFF6 /* PlacesList.swift */ = {isa = PBXFileReference; lastKnownFileType = sourcecode.swift; path = PlacesList.swift; sourceTree = "<group>"; };
		2F9D49522A79CECE002CB9E5 /* PlaceView.swift */ = {isa = PBXFileReference; lastKnownFileType = sourcecode.swift; path = PlaceView.swift; sourceTree = "<group>"; };
		2F9F32C62A569F8000F44203 /* ViewModel.swift */ = {isa = PBXFileReference; lastKnownFileType = sourcecode.swift; path = ViewModel.swift; sourceTree = "<group>"; };
		2FA7D8192AC0E60F0039AD5C /* ShazamStream.swift */ = {isa = PBXFileReference; lastKnownFileType = sourcecode.swift; path = ShazamStream.swift; sourceTree = "<group>"; };
		2FA7D81B2AC0E9780039AD5C /* ModelContainerPreview.swift */ = {isa = PBXFileReference; lastKnownFileType = sourcecode.swift; path = ModelContainerPreview.swift; sourceTree = "<group>"; };
		2FA7D81D2AC0EA240039AD5C /* PreviewSampleData.swift */ = {isa = PBXFileReference; lastKnownFileType = sourcecode.swift; path = PreviewSampleData.swift; sourceTree = "<group>"; };
		2FB9AEFE2A30A383003C7A21 /* Music.swift */ = {isa = PBXFileReference; lastKnownFileType = sourcecode.swift; path = Music.swift; sourceTree = "<group>"; };
		2FB9AF002A3193F5003C7A21 /* SongSheet.swift */ = {isa = PBXFileReference; lastKnownFileType = sourcecode.swift; path = SongSheet.swift; sourceTree = "<group>"; };
		2FBD406F2A3ED4E10083C4B6 /* SheetView.swift */ = {isa = PBXFileReference; lastKnownFileType = sourcecode.swift; path = SheetView.swift; sourceTree = "<group>"; };
		2FC1E0942A622A7B00EF92D4 /* IconPicker.swift */ = {isa = PBXFileReference; lastKnownFileType = sourcecode.swift; path = IconPicker.swift; sourceTree = "<group>"; };
		2FC1E0972A622BA800EF92D4 /* sfsymbols.txt */ = {isa = PBXFileReference; lastKnownFileType = text; path = sfsymbols.txt; sourceTree = "<group>"; };
		2FC675622A3FACD200FD7638 /* SearchBar.swift */ = {isa = PBXFileReference; lastKnownFileType = sourcecode.swift; path = SearchBar.swift; sourceTree = "<group>"; };
		2FD8448B2A2F089000B67301 /* abra.entitlements */ = {isa = PBXFileReference; lastKnownFileType = text.plist.entitlements; path = abra.entitlements; sourceTree = "<group>"; };
		2FE766D12A30515E00952513 /* SongRow.swift */ = {isa = PBXFileReference; lastKnownFileType = sourcecode.swift; path = SongRow.swift; sourceTree = "<group>"; };
		2FED7C182A4440C800FF3943 /* NoResults.swift */ = {isa = PBXFileReference; lastKnownFileType = sourcecode.swift; path = NoResults.swift; sourceTree = "<group>"; };
		2FF310C92A4A6DE900DA2A80 /* Searching.swift */ = {isa = PBXFileReference; lastKnownFileType = sourcecode.swift; path = Searching.swift; sourceTree = "<group>"; };
/* End PBXFileReference section */

/* Begin PBXFrameworksBuildPhase section */
		2F6093692A2EDFB30092A6DD /* Frameworks */ = {
			isa = PBXFrameworksBuildPhase;
			buildActionMask = 2147483647;
			files = (
				2FC8CCEF2AC399B600523478 /* SectionedQuery in Frameworks */,
				2FED7C172A4402AD00FF3943 /* SDWebImageSwiftUI in Frameworks */,
			);
			runOnlyForDeploymentPostprocessing = 0;
		};
		2F60937F2A2EDFB60092A6DD /* Frameworks */ = {
			isa = PBXFrameworksBuildPhase;
			buildActionMask = 2147483647;
			files = (
			);
			runOnlyForDeploymentPostprocessing = 0;
		};
		2F6093892A2EDFB60092A6DD /* Frameworks */ = {
			isa = PBXFrameworksBuildPhase;
			buildActionMask = 2147483647;
			files = (
			);
			runOnlyForDeploymentPostprocessing = 0;
		};
/* End PBXFrameworksBuildPhase section */

/* Begin PBXGroup section */
		2F6093632A2EDFB30092A6DD = {
			isa = PBXGroup;
			children = (
				2FA7D8182AC0E56D0039AD5C /* Shared */,
				2F60936E2A2EDFB30092A6DD /* abra */,
				2F6093852A2EDFB60092A6DD /* abraTests */,
				2F60938F2A2EDFB60092A6DD /* abraUITests */,
				2F60936D2A2EDFB30092A6DD /* Products */,
			);
			sourceTree = "<group>";
		};
		2F60936D2A2EDFB30092A6DD /* Products */ = {
			isa = PBXGroup;
			children = (
				2F60936C2A2EDFB30092A6DD /* abra.app */,
				2F6093822A2EDFB60092A6DD /* abraTests.xctest */,
				2F60938C2A2EDFB60092A6DD /* abraUITests.xctest */,
			);
			name = Products;
			sourceTree = "<group>";
		};
		2F60936E2A2EDFB30092A6DD /* abra */ = {
			isa = PBXGroup;
			children = (
				2FC1E0962A622B9500EF92D4 /* Resources */,
				2FD8448B2A2F089000B67301 /* abra.entitlements */,
				2F60936F2A2EDFB30092A6DD /* abraApp.swift */,
				2F6093A12A2EEC960092A6DD /* ContentView.swift */,
				2FBD406F2A3ED4E10083C4B6 /* SheetView.swift */,
				2F659BC12A403A0000EA43F9 /* SongView.swift */,
				2F6093A32A2EEDFE0092A6DD /* MapView.swift */,
				2F9D49522A79CECE002CB9E5 /* PlaceView.swift */,
				2F6093A72A2EF2290092A6DD /* Models */,
				2FE766D02A30512400952513 /* Components */,
				2F6093732A2EDFB50092A6DD /* Assets.xcassets */,
				2F60937D2A2EDFB50092A6DD /* Info.plist */,
				2F6093752A2EDFB50092A6DD /* Preview Content */,
			);
			path = abra;
			sourceTree = "<group>";
		};
		2F6093752A2EDFB50092A6DD /* Preview Content */ = {
			isa = PBXGroup;
			children = (
				2F6093762A2EDFB50092A6DD /* Preview Assets.xcassets */,
			);
			path = "Preview Content";
			sourceTree = "<group>";
		};
		2F6093852A2EDFB60092A6DD /* abraTests */ = {
			isa = PBXGroup;
			children = (
				2F6093862A2EDFB60092A6DD /* abraTests.swift */,
			);
			path = abraTests;
			sourceTree = "<group>";
		};
		2F60938F2A2EDFB60092A6DD /* abraUITests */ = {
			isa = PBXGroup;
			children = (
				2F6093902A2EDFB60092A6DD /* abraUITests.swift */,
				2F6093922A2EDFB60092A6DD /* abraUITestsLaunchTests.swift */,
			);
			path = abraUITests;
			sourceTree = "<group>";
		};
		2F6093A72A2EF2290092A6DD /* Models */ = {
			isa = PBXGroup;
			children = (
				2F9F32C62A569F8000F44203 /* ViewModel.swift */,
				2F6093A52A2EF1F70092A6DD /* Location.swift */,
				2FB9AEFE2A30A383003C7A21 /* Music.swift */,
			);
			path = Models;
			sourceTree = "<group>";
		};
		2FA7D8182AC0E56D0039AD5C /* Shared */ = {
			isa = PBXGroup;
			children = (
				2FA7D8192AC0E60F0039AD5C /* ShazamStream.swift */,
				2F1727432C719B2700EEA500 /* Place.swift */,
				2FA7D81B2AC0E9780039AD5C /* ModelContainerPreview.swift */,
				2FA7D81D2AC0EA240039AD5C /* PreviewSampleData.swift */,
			);
			path = Shared;
			sourceTree = "<group>";
		};
		2FC1E0962A622B9500EF92D4 /* Resources */ = {
			isa = PBXGroup;
			children = (
				2FC1E0972A622BA800EF92D4 /* sfsymbols.txt */,
			);
			path = Resources;
			sourceTree = "<group>";
		};
		2FE766D02A30512400952513 /* Components */ = {
			isa = PBXGroup;
			children = (
				2FC675622A3FACD200FD7638 /* SearchBar.swift */,
				2FE766D12A30515E00952513 /* SongRow.swift */,
				2FB9AF002A3193F5003C7A21 /* SongSheet.swift */,
				2F8919EF2A4442BA0012DFF6 /* PlacesList.swift */,
				2F0547382A5217B0002177D4 /* NewPlace.swift */,
				2F659BC32A40426300EA43F9 /* PlayButton.swift */,
				2FED7C182A4440C800FF3943 /* NoResults.swift */,
				2FF310C92A4A6DE900DA2A80 /* Searching.swift */,
				2FC1E0942A622A7B00EF92D4 /* IconPicker.swift */,
			);
			path = Components;
			sourceTree = "<group>";
		};
/* End PBXGroup section */

/* Begin PBXNativeTarget section */
		2F60936B2A2EDFB30092A6DD /* abra */ = {
			isa = PBXNativeTarget;
			buildConfigurationList = 2F6093962A2EDFB60092A6DD /* Build configuration list for PBXNativeTarget "abra" */;
			buildPhases = (
				2F6093682A2EDFB30092A6DD /* Sources */,
				2F6093692A2EDFB30092A6DD /* Frameworks */,
				2F60936A2A2EDFB30092A6DD /* Resources */,
			);
			buildRules = (
			);
			dependencies = (
			);
			name = abra;
			packageProductDependencies = (
				2FED7C162A4402AD00FF3943 /* SDWebImageSwiftUI */,
				2FC8CCEE2AC399B600523478 /* SectionedQuery */,
			);
			productName = abra;
			productReference = 2F60936C2A2EDFB30092A6DD /* abra.app */;
			productType = "com.apple.product-type.application";
		};
		2F6093812A2EDFB60092A6DD /* abraTests */ = {
			isa = PBXNativeTarget;
			buildConfigurationList = 2F6093992A2EDFB60092A6DD /* Build configuration list for PBXNativeTarget "abraTests" */;
			buildPhases = (
				2F60937E2A2EDFB60092A6DD /* Sources */,
				2F60937F2A2EDFB60092A6DD /* Frameworks */,
				2F6093802A2EDFB60092A6DD /* Resources */,
			);
			buildRules = (
			);
			dependencies = (
				2F6093842A2EDFB60092A6DD /* PBXTargetDependency */,
			);
			name = abraTests;
			productName = abraTests;
			productReference = 2F6093822A2EDFB60092A6DD /* abraTests.xctest */;
			productType = "com.apple.product-type.bundle.unit-test";
		};
		2F60938B2A2EDFB60092A6DD /* abraUITests */ = {
			isa = PBXNativeTarget;
			buildConfigurationList = 2F60939C2A2EDFB60092A6DD /* Build configuration list for PBXNativeTarget "abraUITests" */;
			buildPhases = (
				2F6093882A2EDFB60092A6DD /* Sources */,
				2F6093892A2EDFB60092A6DD /* Frameworks */,
				2F60938A2A2EDFB60092A6DD /* Resources */,
			);
			buildRules = (
			);
			dependencies = (
				2F60938E2A2EDFB60092A6DD /* PBXTargetDependency */,
			);
			name = abraUITests;
			productName = abraUITests;
			productReference = 2F60938C2A2EDFB60092A6DD /* abraUITests.xctest */;
			productType = "com.apple.product-type.bundle.ui-testing";
		};
/* End PBXNativeTarget section */

/* Begin PBXProject section */
		2F6093642A2EDFB30092A6DD /* Project object */ = {
			isa = PBXProject;
			attributes = {
				BuildIndependentTargetsInParallel = 1;
				LastSwiftUpdateCheck = 1430;
				LastUpgradeCheck = 1500;
				TargetAttributes = {
					2F60936B2A2EDFB30092A6DD = {
						CreatedOnToolsVersion = 14.3.1;
					};
					2F6093812A2EDFB60092A6DD = {
						CreatedOnToolsVersion = 14.3.1;
						TestTargetID = 2F60936B2A2EDFB30092A6DD;
					};
					2F60938B2A2EDFB60092A6DD = {
						CreatedOnToolsVersion = 14.3.1;
						TestTargetID = 2F60936B2A2EDFB30092A6DD;
					};
				};
			};
			buildConfigurationList = 2F6093672A2EDFB30092A6DD /* Build configuration list for PBXProject "abra" */;
			compatibilityVersion = "Xcode 14.0";
			developmentRegion = en;
			hasScannedForEncodings = 0;
			knownRegions = (
				en,
				Base,
			);
			mainGroup = 2F6093632A2EDFB30092A6DD;
			packageReferences = (
				2FED7C152A4402AC00FF3943 /* XCRemoteSwiftPackageReference "SDWebImageSwiftUI" */,
				2FC8CCED2AC399B600523478 /* XCRemoteSwiftPackageReference "swiftdata-sectionedquery" */,
			);
			productRefGroup = 2F60936D2A2EDFB30092A6DD /* Products */;
			projectDirPath = "";
			projectRoot = "";
			targets = (
				2F60936B2A2EDFB30092A6DD /* abra */,
				2F6093812A2EDFB60092A6DD /* abraTests */,
				2F60938B2A2EDFB60092A6DD /* abraUITests */,
			);
		};
/* End PBXProject section */

/* Begin PBXResourcesBuildPhase section */
		2F60936A2A2EDFB30092A6DD /* Resources */ = {
			isa = PBXResourcesBuildPhase;
			buildActionMask = 2147483647;
			files = (
				2F6093772A2EDFB50092A6DD /* Preview Assets.xcassets in Resources */,
				2F6093742A2EDFB50092A6DD /* Assets.xcassets in Resources */,
				2FC1E0982A622BA800EF92D4 /* sfsymbols.txt in Resources */,
			);
			runOnlyForDeploymentPostprocessing = 0;
		};
		2F6093802A2EDFB60092A6DD /* Resources */ = {
			isa = PBXResourcesBuildPhase;
			buildActionMask = 2147483647;
			files = (
			);
			runOnlyForDeploymentPostprocessing = 0;
		};
		2F60938A2A2EDFB60092A6DD /* Resources */ = {
			isa = PBXResourcesBuildPhase;
			buildActionMask = 2147483647;
			files = (
			);
			runOnlyForDeploymentPostprocessing = 0;
		};
/* End PBXResourcesBuildPhase section */

/* Begin PBXSourcesBuildPhase section */
		2F6093682A2EDFB30092A6DD /* Sources */ = {
			isa = PBXSourcesBuildPhase;
			buildActionMask = 2147483647;
			files = (
				2F6093A42A2EEDFE0092A6DD /* MapView.swift in Sources */,
				2FC675632A3FACD200FD7638 /* SearchBar.swift in Sources */,
				2F6093A22A2EEC960092A6DD /* ContentView.swift in Sources */,
				2FC1E0952A622A7B00EF92D4 /* IconPicker.swift in Sources */,
				2FED7C192A4440C800FF3943 /* NoResults.swift in Sources */,
				2F659BC42A40426300EA43F9 /* PlayButton.swift in Sources */,
				2F9D49532A79CECE002CB9E5 /* PlaceView.swift in Sources */,
				2FA7D81E2AC0EA240039AD5C /* PreviewSampleData.swift in Sources */,
				2F6093702A2EDFB30092A6DD /* abraApp.swift in Sources */,
				2F9F32C72A569F8000F44203 /* ViewModel.swift in Sources */,
				2FB9AF012A3193F5003C7A21 /* SongSheet.swift in Sources */,
				2FE766D22A30515E00952513 /* SongRow.swift in Sources */,
				2FA7D81C2AC0E9780039AD5C /* ModelContainerPreview.swift in Sources */,
				2F8919F02A4442BA0012DFF6 /* PlacesList.swift in Sources */,
				2F659BC22A403A0000EA43F9 /* SongView.swift in Sources */,
				2FF310CA2A4A6DE900DA2A80 /* Searching.swift in Sources */,
				2F1727442C719B2700EEA500 /* Place.swift in Sources */,
				2F6093A62A2EF1F70092A6DD /* Location.swift in Sources */,
				2FA7D81A2AC0E60F0039AD5C /* ShazamStream.swift in Sources */,
				2F0547392A5217B0002177D4 /* NewPlace.swift in Sources */,
				2FBD40702A3ED4E10083C4B6 /* SheetView.swift in Sources */,
				2FB9AEFF2A30A383003C7A21 /* Music.swift in Sources */,
			);
			runOnlyForDeploymentPostprocessing = 0;
		};
		2F60937E2A2EDFB60092A6DD /* Sources */ = {
			isa = PBXSourcesBuildPhase;
			buildActionMask = 2147483647;
			files = (
				2F6093872A2EDFB60092A6DD /* abraTests.swift in Sources */,
			);
			runOnlyForDeploymentPostprocessing = 0;
		};
		2F6093882A2EDFB60092A6DD /* Sources */ = {
			isa = PBXSourcesBuildPhase;
			buildActionMask = 2147483647;
			files = (
				2F6093932A2EDFB60092A6DD /* abraUITestsLaunchTests.swift in Sources */,
				2F6093912A2EDFB60092A6DD /* abraUITests.swift in Sources */,
			);
			runOnlyForDeploymentPostprocessing = 0;
		};
/* End PBXSourcesBuildPhase section */

/* Begin PBXTargetDependency section */
		2F6093842A2EDFB60092A6DD /* PBXTargetDependency */ = {
			isa = PBXTargetDependency;
			target = 2F60936B2A2EDFB30092A6DD /* abra */;
			targetProxy = 2F6093832A2EDFB60092A6DD /* PBXContainerItemProxy */;
		};
		2F60938E2A2EDFB60092A6DD /* PBXTargetDependency */ = {
			isa = PBXTargetDependency;
			target = 2F60936B2A2EDFB30092A6DD /* abra */;
			targetProxy = 2F60938D2A2EDFB60092A6DD /* PBXContainerItemProxy */;
		};
/* End PBXTargetDependency section */

/* Begin XCBuildConfiguration section */
		2F6093942A2EDFB60092A6DD /* Debug */ = {
			isa = XCBuildConfiguration;
			buildSettings = {
				ALWAYS_SEARCH_USER_PATHS = NO;
				ASSETCATALOG_COMPILER_GENERATE_SWIFT_ASSET_SYMBOL_EXTENSIONS = YES;
				CLANG_ANALYZER_NONNULL = YES;
				CLANG_ANALYZER_NUMBER_OBJECT_CONVERSION = YES_AGGRESSIVE;
				CLANG_CXX_LANGUAGE_STANDARD = "gnu++20";
				CLANG_ENABLE_MODULES = YES;
				CLANG_ENABLE_OBJC_ARC = YES;
				CLANG_ENABLE_OBJC_WEAK = YES;
				CLANG_WARN_BLOCK_CAPTURE_AUTORELEASING = YES;
				CLANG_WARN_BOOL_CONVERSION = YES;
				CLANG_WARN_COMMA = YES;
				CLANG_WARN_CONSTANT_CONVERSION = YES;
				CLANG_WARN_DEPRECATED_OBJC_IMPLEMENTATIONS = YES;
				CLANG_WARN_DIRECT_OBJC_ISA_USAGE = YES_ERROR;
				CLANG_WARN_DOCUMENTATION_COMMENTS = YES;
				CLANG_WARN_EMPTY_BODY = YES;
				CLANG_WARN_ENUM_CONVERSION = YES;
				CLANG_WARN_INFINITE_RECURSION = YES;
				CLANG_WARN_INT_CONVERSION = YES;
				CLANG_WARN_NON_LITERAL_NULL_CONVERSION = YES;
				CLANG_WARN_OBJC_IMPLICIT_RETAIN_SELF = YES;
				CLANG_WARN_OBJC_LITERAL_CONVERSION = YES;
				CLANG_WARN_OBJC_ROOT_CLASS = YES_ERROR;
				CLANG_WARN_QUOTED_INCLUDE_IN_FRAMEWORK_HEADER = YES;
				CLANG_WARN_RANGE_LOOP_ANALYSIS = YES;
				CLANG_WARN_STRICT_PROTOTYPES = YES;
				CLANG_WARN_SUSPICIOUS_MOVE = YES;
				CLANG_WARN_UNGUARDED_AVAILABILITY = YES_AGGRESSIVE;
				CLANG_WARN_UNREACHABLE_CODE = YES;
				CLANG_WARN__DUPLICATE_METHOD_MATCH = YES;
				COPY_PHASE_STRIP = NO;
				DEBUG_INFORMATION_FORMAT = dwarf;
				ENABLE_STRICT_OBJC_MSGSEND = YES;
				ENABLE_TESTABILITY = YES;
				ENABLE_USER_SCRIPT_SANDBOXING = YES;
				GCC_C_LANGUAGE_STANDARD = gnu11;
				GCC_DYNAMIC_NO_PIC = NO;
				GCC_NO_COMMON_BLOCKS = YES;
				GCC_OPTIMIZATION_LEVEL = 0;
				GCC_PREPROCESSOR_DEFINITIONS = (
					"DEBUG=1",
					"$(inherited)",
				);
				GCC_WARN_64_TO_32_BIT_CONVERSION = YES;
				GCC_WARN_ABOUT_RETURN_TYPE = YES_ERROR;
				GCC_WARN_UNDECLARED_SELECTOR = YES;
				GCC_WARN_UNINITIALIZED_AUTOS = YES_AGGRESSIVE;
				GCC_WARN_UNUSED_FUNCTION = YES;
				GCC_WARN_UNUSED_VARIABLE = YES;
				IPHONEOS_DEPLOYMENT_TARGET = 17.5;
				MTL_ENABLE_DEBUG_INFO = INCLUDE_SOURCE;
				MTL_FAST_MATH = YES;
				ONLY_ACTIVE_ARCH = YES;
				SDKROOT = iphoneos;
				SWIFT_ACTIVE_COMPILATION_CONDITIONS = DEBUG;
				SWIFT_OPTIMIZATION_LEVEL = "-Onone";
			};
			name = Debug;
		};
		2F6093952A2EDFB60092A6DD /* Release */ = {
			isa = XCBuildConfiguration;
			buildSettings = {
				ALWAYS_SEARCH_USER_PATHS = NO;
				ASSETCATALOG_COMPILER_GENERATE_SWIFT_ASSET_SYMBOL_EXTENSIONS = YES;
				CLANG_ANALYZER_NONNULL = YES;
				CLANG_ANALYZER_NUMBER_OBJECT_CONVERSION = YES_AGGRESSIVE;
				CLANG_CXX_LANGUAGE_STANDARD = "gnu++20";
				CLANG_ENABLE_MODULES = YES;
				CLANG_ENABLE_OBJC_ARC = YES;
				CLANG_ENABLE_OBJC_WEAK = YES;
				CLANG_WARN_BLOCK_CAPTURE_AUTORELEASING = YES;
				CLANG_WARN_BOOL_CONVERSION = YES;
				CLANG_WARN_COMMA = YES;
				CLANG_WARN_CONSTANT_CONVERSION = YES;
				CLANG_WARN_DEPRECATED_OBJC_IMPLEMENTATIONS = YES;
				CLANG_WARN_DIRECT_OBJC_ISA_USAGE = YES_ERROR;
				CLANG_WARN_DOCUMENTATION_COMMENTS = YES;
				CLANG_WARN_EMPTY_BODY = YES;
				CLANG_WARN_ENUM_CONVERSION = YES;
				CLANG_WARN_INFINITE_RECURSION = YES;
				CLANG_WARN_INT_CONVERSION = YES;
				CLANG_WARN_NON_LITERAL_NULL_CONVERSION = YES;
				CLANG_WARN_OBJC_IMPLICIT_RETAIN_SELF = YES;
				CLANG_WARN_OBJC_LITERAL_CONVERSION = YES;
				CLANG_WARN_OBJC_ROOT_CLASS = YES_ERROR;
				CLANG_WARN_QUOTED_INCLUDE_IN_FRAMEWORK_HEADER = YES;
				CLANG_WARN_RANGE_LOOP_ANALYSIS = YES;
				CLANG_WARN_STRICT_PROTOTYPES = YES;
				CLANG_WARN_SUSPICIOUS_MOVE = YES;
				CLANG_WARN_UNGUARDED_AVAILABILITY = YES_AGGRESSIVE;
				CLANG_WARN_UNREACHABLE_CODE = YES;
				CLANG_WARN__DUPLICATE_METHOD_MATCH = YES;
				COPY_PHASE_STRIP = NO;
				DEBUG_INFORMATION_FORMAT = "dwarf-with-dsym";
				ENABLE_NS_ASSERTIONS = NO;
				ENABLE_STRICT_OBJC_MSGSEND = YES;
				ENABLE_USER_SCRIPT_SANDBOXING = YES;
				GCC_C_LANGUAGE_STANDARD = gnu11;
				GCC_NO_COMMON_BLOCKS = YES;
				GCC_WARN_64_TO_32_BIT_CONVERSION = YES;
				GCC_WARN_ABOUT_RETURN_TYPE = YES_ERROR;
				GCC_WARN_UNDECLARED_SELECTOR = YES;
				GCC_WARN_UNINITIALIZED_AUTOS = YES_AGGRESSIVE;
				GCC_WARN_UNUSED_FUNCTION = YES;
				GCC_WARN_UNUSED_VARIABLE = YES;
				IPHONEOS_DEPLOYMENT_TARGET = 17.5;
				MTL_ENABLE_DEBUG_INFO = NO;
				MTL_FAST_MATH = YES;
				SDKROOT = iphoneos;
				SWIFT_COMPILATION_MODE = wholemodule;
				SWIFT_OPTIMIZATION_LEVEL = "-O";
				VALIDATE_PRODUCT = YES;
			};
			name = Release;
		};
		2F6093972A2EDFB60092A6DD /* Debug */ = {
			isa = XCBuildConfiguration;
			buildSettings = {
				ASSETCATALOG_COMPILER_APPICON_NAME = AppIcon;
				ASSETCATALOG_COMPILER_GLOBAL_ACCENT_COLOR_NAME = AccentColor;
				CODE_SIGN_ENTITLEMENTS = abra/abra.entitlements;
				CODE_SIGN_STYLE = Automatic;
				CURRENT_PROJECT_VERSION = 1;
				DEVELOPMENT_ASSET_PATHS = "\"abra/Preview Content\"";
				DEVELOPMENT_TEAM = 69MX9ABFW5;
				ENABLE_PREVIEWS = YES;
				GENERATE_INFOPLIST_FILE = YES;
				INFOPLIST_FILE = abra/Info.plist;
				INFOPLIST_KEY_CFBundleDisplayName = Abra;
				INFOPLIST_KEY_LSApplicationCategoryType = "public.app-category.utilities";
				INFOPLIST_KEY_NSAppleMusicUsageDescription = "We use this to play & save your Shazams.";
				INFOPLIST_KEY_NSLocationWhenInUseUsageDescription = "We map your Shazams and provide location-based playlists.";
				INFOPLIST_KEY_NSMicrophoneUsageDescription = "..to use Shazam";
				INFOPLIST_KEY_UIApplicationSceneManifest_Generation = YES;
				INFOPLIST_KEY_UIApplicationSupportsIndirectInputEvents = YES;
				INFOPLIST_KEY_UILaunchScreen_Generation = YES;
				INFOPLIST_KEY_UISupportedInterfaceOrientations = UIInterfaceOrientationPortrait;
				INFOPLIST_KEY_UISupportedInterfaceOrientations_iPad = "UIInterfaceOrientationLandscapeLeft UIInterfaceOrientationLandscapeRight UIInterfaceOrientationPortrait UIInterfaceOrientationPortraitUpsideDown";
				IPHONEOS_DEPLOYMENT_TARGET = 17.5;
				LD_RUNPATH_SEARCH_PATHS = (
					"$(inherited)",
					"@executable_path/Frameworks",
				);
				MARKETING_VERSION = 1.0;
				PRODUCT_BUNDLE_IDENTIFIER = app.zane.abra;
				PRODUCT_NAME = "$(TARGET_NAME)";
				SWIFT_EMIT_LOC_STRINGS = YES;
				SWIFT_VERSION = 5.0;
				TARGETED_DEVICE_FAMILY = "1,2";
			};
			name = Debug;
		};
		2F6093982A2EDFB60092A6DD /* Release */ = {
			isa = XCBuildConfiguration;
			buildSettings = {
				ASSETCATALOG_COMPILER_APPICON_NAME = AppIcon;
				ASSETCATALOG_COMPILER_GLOBAL_ACCENT_COLOR_NAME = AccentColor;
				CODE_SIGN_ENTITLEMENTS = abra/abra.entitlements;
				CODE_SIGN_STYLE = Automatic;
				CURRENT_PROJECT_VERSION = 1;
				DEVELOPMENT_ASSET_PATHS = "\"abra/Preview Content\"";
				DEVELOPMENT_TEAM = 69MX9ABFW5;
				ENABLE_PREVIEWS = YES;
				GENERATE_INFOPLIST_FILE = YES;
				INFOPLIST_FILE = abra/Info.plist;
				INFOPLIST_KEY_CFBundleDisplayName = Abra;
				INFOPLIST_KEY_LSApplicationCategoryType = "public.app-category.utilities";
				INFOPLIST_KEY_NSAppleMusicUsageDescription = "We use this to play & save your Shazams.";
				INFOPLIST_KEY_NSLocationWhenInUseUsageDescription = "We map your Shazams and provide location-based playlists.";
				INFOPLIST_KEY_NSMicrophoneUsageDescription = "..to use Shazam";
				INFOPLIST_KEY_UIApplicationSceneManifest_Generation = YES;
				INFOPLIST_KEY_UIApplicationSupportsIndirectInputEvents = YES;
				INFOPLIST_KEY_UILaunchScreen_Generation = YES;
				INFOPLIST_KEY_UISupportedInterfaceOrientations = UIInterfaceOrientationPortrait;
				INFOPLIST_KEY_UISupportedInterfaceOrientations_iPad = "UIInterfaceOrientationLandscapeLeft UIInterfaceOrientationLandscapeRight UIInterfaceOrientationPortrait UIInterfaceOrientationPortraitUpsideDown";
				IPHONEOS_DEPLOYMENT_TARGET = 17.5;
				LD_RUNPATH_SEARCH_PATHS = (
					"$(inherited)",
					"@executable_path/Frameworks",
				);
				MARKETING_VERSION = 1.0;
				PRODUCT_BUNDLE_IDENTIFIER = app.zane.abra;
				PRODUCT_NAME = "$(TARGET_NAME)";
				SWIFT_EMIT_LOC_STRINGS = YES;
				SWIFT_VERSION = 5.0;
				TARGETED_DEVICE_FAMILY = "1,2";
			};
			name = Release;
		};
		2F60939A2A2EDFB60092A6DD /* Debug */ = {
			isa = XCBuildConfiguration;
			buildSettings = {
				ALWAYS_EMBED_SWIFT_STANDARD_LIBRARIES = YES;
				BUNDLE_LOADER = "$(TEST_HOST)";
				CODE_SIGN_STYLE = Automatic;
				CURRENT_PROJECT_VERSION = 1;
				DEVELOPMENT_TEAM = 69MX9ABFW5;
				GENERATE_INFOPLIST_FILE = YES;
				IPHONEOS_DEPLOYMENT_TARGET = 17.5;
				MARKETING_VERSION = 1.0;
				PRODUCT_BUNDLE_IDENTIFIER = app.zane.abraTests;
				PRODUCT_NAME = "$(TARGET_NAME)";
				SWIFT_EMIT_LOC_STRINGS = NO;
				SWIFT_VERSION = 5.0;
				TARGETED_DEVICE_FAMILY = "1,2";
				TEST_HOST = "$(BUILT_PRODUCTS_DIR)/abra.app/$(BUNDLE_EXECUTABLE_FOLDER_PATH)/abra";
			};
			name = Debug;
		};
		2F60939B2A2EDFB60092A6DD /* Release */ = {
			isa = XCBuildConfiguration;
			buildSettings = {
				ALWAYS_EMBED_SWIFT_STANDARD_LIBRARIES = YES;
				BUNDLE_LOADER = "$(TEST_HOST)";
				CODE_SIGN_STYLE = Automatic;
				CURRENT_PROJECT_VERSION = 1;
				DEVELOPMENT_TEAM = 69MX9ABFW5;
				GENERATE_INFOPLIST_FILE = YES;
				IPHONEOS_DEPLOYMENT_TARGET = 17.5;
				MARKETING_VERSION = 1.0;
				PRODUCT_BUNDLE_IDENTIFIER = app.zane.abraTests;
				PRODUCT_NAME = "$(TARGET_NAME)";
				SWIFT_EMIT_LOC_STRINGS = NO;
				SWIFT_VERSION = 5.0;
				TARGETED_DEVICE_FAMILY = "1,2";
				TEST_HOST = "$(BUILT_PRODUCTS_DIR)/abra.app/$(BUNDLE_EXECUTABLE_FOLDER_PATH)/abra";
			};
			name = Release;
		};
		2F60939D2A2EDFB60092A6DD /* Debug */ = {
			isa = XCBuildConfiguration;
			buildSettings = {
				ALWAYS_EMBED_SWIFT_STANDARD_LIBRARIES = YES;
				CODE_SIGN_STYLE = Automatic;
				CURRENT_PROJECT_VERSION = 1;
				DEVELOPMENT_TEAM = 69MX9ABFW5;
				GENERATE_INFOPLIST_FILE = YES;
				MARKETING_VERSION = 1.0;
				PRODUCT_BUNDLE_IDENTIFIER = app.zane.abraUITests;
				PRODUCT_NAME = "$(TARGET_NAME)";
				SWIFT_EMIT_LOC_STRINGS = NO;
				SWIFT_VERSION = 5.0;
				TARGETED_DEVICE_FAMILY = "1,2";
				TEST_TARGET_NAME = abra;
			};
			name = Debug;
		};
		2F60939E2A2EDFB60092A6DD /* Release */ = {
			isa = XCBuildConfiguration;
			buildSettings = {
				ALWAYS_EMBED_SWIFT_STANDARD_LIBRARIES = YES;
				CODE_SIGN_STYLE = Automatic;
				CURRENT_PROJECT_VERSION = 1;
				DEVELOPMENT_TEAM = 69MX9ABFW5;
				GENERATE_INFOPLIST_FILE = YES;
				MARKETING_VERSION = 1.0;
				PRODUCT_BUNDLE_IDENTIFIER = app.zane.abraUITests;
				PRODUCT_NAME = "$(TARGET_NAME)";
				SWIFT_EMIT_LOC_STRINGS = NO;
				SWIFT_VERSION = 5.0;
				TARGETED_DEVICE_FAMILY = "1,2";
				TEST_TARGET_NAME = abra;
			};
			name = Release;
		};
/* End XCBuildConfiguration section */

/* Begin XCConfigurationList section */
		2F6093672A2EDFB30092A6DD /* Build configuration list for PBXProject "abra" */ = {
			isa = XCConfigurationList;
			buildConfigurations = (
				2F6093942A2EDFB60092A6DD /* Debug */,
				2F6093952A2EDFB60092A6DD /* Release */,
			);
			defaultConfigurationIsVisible = 0;
			defaultConfigurationName = Release;
		};
		2F6093962A2EDFB60092A6DD /* Build configuration list for PBXNativeTarget "abra" */ = {
			isa = XCConfigurationList;
			buildConfigurations = (
				2F6093972A2EDFB60092A6DD /* Debug */,
				2F6093982A2EDFB60092A6DD /* Release */,
			);
			defaultConfigurationIsVisible = 0;
			defaultConfigurationName = Release;
		};
		2F6093992A2EDFB60092A6DD /* Build configuration list for PBXNativeTarget "abraTests" */ = {
			isa = XCConfigurationList;
			buildConfigurations = (
				2F60939A2A2EDFB60092A6DD /* Debug */,
				2F60939B2A2EDFB60092A6DD /* Release */,
			);
			defaultConfigurationIsVisible = 0;
			defaultConfigurationName = Release;
		};
		2F60939C2A2EDFB60092A6DD /* Build configuration list for PBXNativeTarget "abraUITests" */ = {
			isa = XCConfigurationList;
			buildConfigurations = (
				2F60939D2A2EDFB60092A6DD /* Debug */,
				2F60939E2A2EDFB60092A6DD /* Release */,
			);
			defaultConfigurationIsVisible = 0;
			defaultConfigurationName = Release;
		};
/* End XCConfigurationList section */

/* Begin XCRemoteSwiftPackageReference section */
		2FC8CCED2AC399B600523478 /* XCRemoteSwiftPackageReference "swiftdata-sectionedquery" */ = {
			isa = XCRemoteSwiftPackageReference;
			repositoryURL = "https://github.com/Whiffer/swiftdata-sectionedquery";
			requirement = {
				kind = upToNextMajorVersion;
				minimumVersion = 1.0.0;
			};
		};
		2FED7C152A4402AC00FF3943 /* XCRemoteSwiftPackageReference "SDWebImageSwiftUI" */ = {
			isa = XCRemoteSwiftPackageReference;
			repositoryURL = "https://github.com/SDWebImage/SDWebImageSwiftUI.git";
			requirement = {
				kind = upToNextMajorVersion;
				minimumVersion = 2.0.0;
			};
		};
/* End XCRemoteSwiftPackageReference section */

/* Begin XCSwiftPackageProductDependency section */
		2FC8CCEE2AC399B600523478 /* SectionedQuery */ = {
			isa = XCSwiftPackageProductDependency;
			package = 2FC8CCED2AC399B600523478 /* XCRemoteSwiftPackageReference "swiftdata-sectionedquery" */;
			productName = SectionedQuery;
		};
		2FED7C162A4402AD00FF3943 /* SDWebImageSwiftUI */ = {
			isa = XCSwiftPackageProductDependency;
			package = 2FED7C152A4402AC00FF3943 /* XCRemoteSwiftPackageReference "SDWebImageSwiftUI" */;
			productName = SDWebImageSwiftUI;
		};
/* End XCSwiftPackageProductDependency section */
	};
	rootObject = 2F6093642A2EDFB30092A6DD /* Project object */;
}
